// !$*UTF8*$!
{
	archiveVersion = 1;
	classes = {
	};
	objectVersion = 55;
	objects = {

/* Begin PBXBuildFile section */
		A42F77902764BC9F0045F25D /* CardModel.swift in Sources */ = {isa = PBXBuildFile; fileRef = A42F778F2764BC9F0045F25D /* CardModel.swift */; };
		A42F77922764C15D0045F25D /* Card.swift in Sources */ = {isa = PBXBuildFile; fileRef = A42F77912764C15D0045F25D /* Card.swift */; };
		A42F77942764D13E0045F25D /* CardCollectionViewCell.swift in Sources */ = {isa = PBXBuildFile; fileRef = A42F77932764D13E0045F25D /* CardCollectionViewCell.swift */; };
		A49B1629276B72CA005B4961 /* dingcorrect.wav in Resources */ = {isa = PBXBuildFile; fileRef = A49B1625276B72CA005B4961 /* dingcorrect.wav */; };
		A49B162A276B72CA005B4961 /* cardflip.wav in Resources */ = {isa = PBXBuildFile; fileRef = A49B1626276B72CA005B4961 /* cardflip.wav */; };
		A49B162B276B72CA005B4961 /* shuffle.wav in Resources */ = {isa = PBXBuildFile; fileRef = A49B1627276B72CA005B4961 /* shuffle.wav */; };
		A49B162C276B72CA005B4961 /* dingwrong.wav in Resources */ = {isa = PBXBuildFile; fileRef = A49B1628276B72CA005B4961 /* dingwrong.wav */; };
		A49B162E276B7332005B4961 /* SoundManager.swift in Sources */ = {isa = PBXBuildFile; fileRef = A49B162D276B7332005B4961 /* SoundManager.swift */; };
		A4B8040D2760E3B300632A0B /* AppDelegate.swift in Sources */ = {isa = PBXBuildFile; fileRef = A4B8040C2760E3B300632A0B /* AppDelegate.swift */; };
		A4B8040F2760E3B300632A0B /* SceneDelegate.swift in Sources */ = {isa = PBXBuildFile; fileRef = A4B8040E2760E3B300632A0B /* SceneDelegate.swift */; };
		A4B804112760E3B300632A0B /* ViewController.swift in Sources */ = {isa = PBXBuildFile; fileRef = A4B804102760E3B300632A0B /* ViewController.swift */; };
		A4B804142760E3B300632A0B /* Main.storyboard in Resources */ = {isa = PBXBuildFile; fileRef = A4B804122760E3B300632A0B /* Main.storyboard */; };
		A4B804162760E3B300632A0B /* Assets.xcassets in Resources */ = {isa = PBXBuildFile; fileRef = A4B804152760E3B300632A0B /* Assets.xcassets */; };
		A4B804192760E3B300632A0B /* LaunchScreen.storyboard in Resources */ = {isa = PBXBuildFile; fileRef = A4B804172760E3B300632A0B /* LaunchScreen.storyboard */; };
/* End PBXBuildFile section */

/* Begin PBXFileReference section */
		A42F778F2764BC9F0045F25D /* CardModel.swift */ = {isa = PBXFileReference; lastKnownFileType = sourcecode.swift; path = CardModel.swift; sourceTree = "<group>"; };
		A42F77912764C15D0045F25D /* Card.swift */ = {isa = PBXFileReference; lastKnownFileType = sourcecode.swift; path = Card.swift; sourceTree = "<group>"; };
		A42F77932764D13E0045F25D /* CardCollectionViewCell.swift */ = {isa = PBXFileReference; lastKnownFileType = sourcecode.swift; path = CardCollectionViewCell.swift; sourceTree = "<group>"; };
		A49B1625276B72CA005B4961 /* dingcorrect.wav */ = {isa = PBXFileReference; lastKnownFileType = audio.wav; path = dingcorrect.wav; sourceTree = "<group>"; };
		A49B1626276B72CA005B4961 /* cardflip.wav */ = {isa = PBXFileReference; lastKnownFileType = audio.wav; path = cardflip.wav; sourceTree = "<group>"; };
		A49B1627276B72CA005B4961 /* shuffle.wav */ = {isa = PBXFileReference; lastKnownFileType = audio.wav; path = shuffle.wav; sourceTree = "<group>"; };
		A49B1628276B72CA005B4961 /* dingwrong.wav */ = {isa = PBXFileReference; lastKnownFileType = audio.wav; path = dingwrong.wav; sourceTree = "<group>"; };
		A49B162D276B7332005B4961 /* SoundManager.swift */ = {isa = PBXFileReference; lastKnownFileType = sourcecode.swift; path = SoundManager.swift; sourceTree = "<group>"; };
		A4B804092760E3B300632A0B /* CardMatchGame.app */ = {isa = PBXFileReference; explicitFileType = wrapper.application; includeInIndex = 0; path = CardMatchGame.app; sourceTree = BUILT_PRODUCTS_DIR; };
		A4B8040C2760E3B300632A0B /* AppDelegate.swift */ = {isa = PBXFileReference; lastKnownFileType = sourcecode.swift; path = AppDelegate.swift; sourceTree = "<group>"; };
		A4B8040E2760E3B300632A0B /* SceneDelegate.swift */ = {isa = PBXFileReference; lastKnownFileType = sourcecode.swift; path = SceneDelegate.swift; sourceTree = "<group>"; };
		A4B804102760E3B300632A0B /* ViewController.swift */ = {isa = PBXFileReference; lastKnownFileType = sourcecode.swift; path = ViewController.swift; sourceTree = "<group>"; };
		A4B804132760E3B300632A0B /* Base */ = {isa = PBXFileReference; lastKnownFileType = file.storyboard; name = Base; path = Base.lproj/Main.storyboard; sourceTree = "<group>"; };
		A4B804152760E3B300632A0B /* Assets.xcassets */ = {isa = PBXFileReference; lastKnownFileType = folder.assetcatalog; path = Assets.xcassets; sourceTree = "<group>"; };
		A4B804182760E3B300632A0B /* Base */ = {isa = PBXFileReference; lastKnownFileType = file.storyboard; name = Base; path = Base.lproj/LaunchScreen.storyboard; sourceTree = "<group>"; };
		A4B8041A2760E3B300632A0B /* Info.plist */ = {isa = PBXFileReference; lastKnownFileType = text.plist.xml; path = Info.plist; sourceTree = "<group>"; };
/* End PBXFileReference section */

/* Begin PBXFrameworksBuildPhase section */
		A4B804062760E3B300632A0B /* Frameworks */ = {
			isa = PBXFrameworksBuildPhase;
			buildActionMask = 2147483647;
			files = (
			);
			runOnlyForDeploymentPostprocessing = 0;
		};
/* End PBXFrameworksBuildPhase section */

/* Begin PBXGroup section */
		A49B1624276B7265005B4961 /* Sounds */ = {
			isa = PBXGroup;
			children = (
				A49B1626276B72CA005B4961 /* cardflip.wav */,
				A49B1625276B72CA005B4961 /* dingcorrect.wav */,
				A49B1628276B72CA005B4961 /* dingwrong.wav */,
				A49B1627276B72CA005B4961 /* shuffle.wav */,
			);
			path = Sounds;
			sourceTree = "<group>";
		};
		A49B162F276B734A005B4961 /* SoundUtil */ = {
			isa = PBXGroup;
			children = (
				A49B162D276B7332005B4961 /* SoundManager.swift */,
			);
			path = SoundUtil;
			sourceTree = "<group>";
		};
		A4B804002760E3B300632A0B = {
			isa = PBXGroup;
			children = (
				A4B8040B2760E3B300632A0B /* CardMatchGame */,
				A4B8040A2760E3B300632A0B /* Products */,
			);
			sourceTree = "<group>";
		};
		A4B8040A2760E3B300632A0B /* Products */ = {
			isa = PBXGroup;
			children = (
				A4B804092760E3B300632A0B /* CardMatchGame.app */,
			);
			name = Products;
			sourceTree = "<group>";
		};
		A4B8040B2760E3B300632A0B /* CardMatchGame */ = {
			isa = PBXGroup;
			children = (
				A4B970E02765F180008C6A3D /* CollectionViewCells */,
				A4B970DF2765F0BF008C6A3D /* ViewControllers */,
				A4B970DE2765F0AA008C6A3D /* Models */,
				A49B1624276B7265005B4961 /* Sounds */,
				A49B162F276B734A005B4961 /* SoundUtil */,
				A4B8040E2760E3B300632A0B /* SceneDelegate.swift */,
				A4B8040C2760E3B300632A0B /* AppDelegate.swift */,
				A4B804122760E3B300632A0B /* Main.storyboard */,
				A4B804152760E3B300632A0B /* Assets.xcassets */,
				A4B804172760E3B300632A0B /* LaunchScreen.storyboard */,
				A4B8041A2760E3B300632A0B /* Info.plist */,
			);
			path = CardMatchGame;
			sourceTree = "<group>";
		};
		A4B970DE2765F0AA008C6A3D /* Models */ = {
			isa = PBXGroup;
			children = (
				A42F77912764C15D0045F25D /* Card.swift */,
				A42F778F2764BC9F0045F25D /* CardModel.swift */,
			);
			path = Models;
			sourceTree = "<group>";
		};
		A4B970DF2765F0BF008C6A3D /* ViewControllers */ = {
			isa = PBXGroup;
			children = (
				A4B804102760E3B300632A0B /* ViewController.swift */,
			);
			path = ViewControllers;
			sourceTree = "<group>";
		};
		A4B970E02765F180008C6A3D /* CollectionViewCells */ = {
			isa = PBXGroup;
			children = (
				A42F77932764D13E0045F25D /* CardCollectionViewCell.swift */,
			);
			path = CollectionViewCells;
			sourceTree = "<group>";
		};
/* End PBXGroup section */

/* Begin PBXNativeTarget section */
		A4B804082760E3B300632A0B /* CardMatchGame */ = {
			isa = PBXNativeTarget;
			buildConfigurationList = A4B8041D2760E3B300632A0B /* Build configuration list for PBXNativeTarget "CardMatchGame" */;
			buildPhases = (
				A4B804052760E3B300632A0B /* Sources */,
				A4B804062760E3B300632A0B /* Frameworks */,
				A4B804072760E3B300632A0B /* Resources */,
			);
			buildRules = (
			);
			dependencies = (
			);
			name = CardMatchGame;
			productName = CardMatchGame;
			productReference = A4B804092760E3B300632A0B /* CardMatchGame.app */;
			productType = "com.apple.product-type.application";
		};
/* End PBXNativeTarget section */

/* Begin PBXProject section */
		A4B804012760E3B300632A0B /* Project object */ = {
			isa = PBXProject;
			attributes = {
				BuildIndependentTargetsInParallel = 1;
				LastSwiftUpdateCheck = 1310;
				LastUpgradeCheck = 1310;
				TargetAttributes = {
					A4B804082760E3B300632A0B = {
						CreatedOnToolsVersion = 13.1;
					};
				};
			};
			buildConfigurationList = A4B804042760E3B300632A0B /* Build configuration list for PBXProject "CardMatchGame" */;
			compatibilityVersion = "Xcode 13.0";
			developmentRegion = en;
			hasScannedForEncodings = 0;
			knownRegions = (
				en,
				Base,
			);
			mainGroup = A4B804002760E3B300632A0B;
			productRefGroup = A4B8040A2760E3B300632A0B /* Products */;
			projectDirPath = "";
			projectRoot = "";
			targets = (
				A4B804082760E3B300632A0B /* CardMatchGame */,
			);
		};
/* End PBXProject section */

/* Begin PBXResourcesBuildPhase section */
		A4B804072760E3B300632A0B /* Resources */ = {
			isa = PBXResourcesBuildPhase;
			buildActionMask = 2147483647;
			files = (
				A49B162B276B72CA005B4961 /* shuffle.wav in Resources */,
				A49B162C276B72CA005B4961 /* dingwrong.wav in Resources */,
				A4B804192760E3B300632A0B /* LaunchScreen.storyboard in Resources */,
				A4B804162760E3B300632A0B /* Assets.xcassets in Resources */,
				A4B804142760E3B300632A0B /* Main.storyboard in Resources */,
				A49B1629276B72CA005B4961 /* dingcorrect.wav in Resources */,
				A49B162A276B72CA005B4961 /* cardflip.wav in Resources */,
			);
			runOnlyForDeploymentPostprocessing = 0;
		};
/* End PBXResourcesBuildPhase section */

/* Begin PBXSourcesBuildPhase section */
		A4B804052760E3B300632A0B /* Sources */ = {
			isa = PBXSourcesBuildPhase;
			buildActionMask = 2147483647;
			files = (
				A42F77922764C15D0045F25D /* Card.swift in Sources */,
				A4B804112760E3B300632A0B /* ViewController.swift in Sources */,
				A42F77902764BC9F0045F25D /* CardModel.swift in Sources */,
				A4B8040D2760E3B300632A0B /* AppDelegate.swift in Sources */,
				A42F77942764D13E0045F25D /* CardCollectionViewCell.swift in Sources */,
				A49B162E276B7332005B4961 /* SoundManager.swift in Sources */,
				A4B8040F2760E3B300632A0B /* SceneDelegate.swift in Sources */,
			);
			runOnlyForDeploymentPostprocessing = 0;
		};
/* End PBXSourcesBuildPhase section */

/* Begin PBXVariantGroup section */
		A4B804122760E3B300632A0B /* Main.storyboard */ = {
			isa = PBXVariantGroup;
			children = (
				A4B804132760E3B300632A0B /* Base */,
			);
			name = Main.storyboard;
			sourceTree = "<group>";
		};
		A4B804172760E3B300632A0B /* LaunchScreen.storyboard */ = {
			isa = PBXVariantGroup;
			children = (
				A4B804182760E3B300632A0B /* Base */,
			);
			name = LaunchScreen.storyboard;
			sourceTree = "<group>";
		};
/* End PBXVariantGroup section */

/* Begin XCBuildConfiguration section */
		A4B8041B2760E3B300632A0B /* Debug */ = {
			isa = XCBuildConfiguration;
			buildSettings = {
				ALWAYS_SEARCH_USER_PATHS = NO;
				CLANG_ANALYZER_NONNULL = YES;
				CLANG_ANALYZER_NUMBER_OBJECT_CONVERSION = YES_AGGRESSIVE;
				CLANG_CXX_LANGUAGE_STANDARD = "gnu++17";
				CLANG_CXX_LIBRARY = "libc++";
				CLANG_ENABLE_MODULES = YES;
				CLANG_ENABLE_OBJC_ARC = YES;
				CLANG_ENABLE_OBJC_WEAK = YES;
				CLANG_WARN_BLOCK_CAPTURE_AUTORELEASING = YES;
				CLANG_WARN_BOOL_CONVERSION = YES;
				CLANG_WARN_COMMA = YES;
				CLANG_WARN_CONSTANT_CONVERSION = YES;
				CLANG_WARN_DEPRECATED_OBJC_IMPLEMENTATIONS = YES;
				CLANG_WARN_DIRECT_OBJC_ISA_USAGE = YES_ERROR;
				CLANG_WARN_DOCUMENTATION_COMMENTS = YES;
				CLANG_WARN_EMPTY_BODY = YES;
				CLANG_WARN_ENUM_CONVERSION = YES;
				CLANG_WARN_INFINITE_RECURSION = YES;
				CLANG_WARN_INT_CONVERSION = YES;
				CLANG_WARN_NON_LITERAL_NULL_CONVERSION = YES;
				CLANG_WARN_OBJC_IMPLICIT_RETAIN_SELF = YES;
				CLANG_WARN_OBJC_LITERAL_CONVERSION = YES;
				CLANG_WARN_OBJC_ROOT_CLASS = YES_ERROR;
				CLANG_WARN_QUOTED_INCLUDE_IN_FRAMEWORK_HEADER = YES;
				CLANG_WARN_RANGE_LOOP_ANALYSIS = YES;
				CLANG_WARN_STRICT_PROTOTYPES = YES;
				CLANG_WARN_SUSPICIOUS_MOVE = YES;
				CLANG_WARN_UNGUARDED_AVAILABILITY = YES_AGGRESSIVE;
				CLANG_WARN_UNREACHABLE_CODE = YES;
				CLANG_WARN__DUPLICATE_METHOD_MATCH = YES;
				COPY_PHASE_STRIP = NO;
				DEBUG_INFORMATION_FORMAT = dwarf;
				ENABLE_STRICT_OBJC_MSGSEND = YES;
				ENABLE_TESTABILITY = YES;
				GCC_C_LANGUAGE_STANDARD = gnu11;
				GCC_DYNAMIC_NO_PIC = NO;
				GCC_NO_COMMON_BLOCKS = YES;
				GCC_OPTIMIZATION_LEVEL = 0;
				GCC_PREPROCESSOR_DEFINITIONS = (
					"DEBUG=1",
					"$(inherited)",
				);
				GCC_WARN_64_TO_32_BIT_CONVERSION = YES;
				GCC_WARN_ABOUT_RETURN_TYPE = YES_ERROR;
				GCC_WARN_UNDECLARED_SELECTOR = YES;
				GCC_WARN_UNINITIALIZED_AUTOS = YES_AGGRESSIVE;
				GCC_WARN_UNUSED_FUNCTION = YES;
				GCC_WARN_UNUSED_VARIABLE = YES;
				IPHONEOS_DEPLOYMENT_TARGET = 15.0;
				MTL_ENABLE_DEBUG_INFO = INCLUDE_SOURCE;
				MTL_FAST_MATH = YES;
				ONLY_ACTIVE_ARCH = YES;
				SDKROOT = iphoneos;
				SWIFT_ACTIVE_COMPILATION_CONDITIONS = DEBUG;
				SWIFT_OPTIMIZATION_LEVEL = "-Onone";
			};
			name = Debug;
		};
		A4B8041C2760E3B300632A0B /* Release */ = {
			isa = XCBuildConfiguration;
			buildSettings = {
				ALWAYS_SEARCH_USER_PATHS = NO;
				CLANG_ANALYZER_NONNULL = YES;
				CLANG_ANALYZER_NUMBER_OBJECT_CONVERSION = YES_AGGRESSIVE;
				CLANG_CXX_LANGUAGE_STANDARD = "gnu++17";
				CLANG_CXX_LIBRARY = "libc++";
				CLANG_ENABLE_MODULES = YES;
				CLANG_ENABLE_OBJC_ARC = YES;
				CLANG_ENABLE_OBJC_WEAK = YES;
				CLANG_WARN_BLOCK_CAPTURE_AUTORELEASING = YES;
				CLANG_WARN_BOOL_CONVERSION = YES;
				CLANG_WARN_COMMA = YES;
				CLANG_WARN_CONSTANT_CONVERSION = YES;
				CLANG_WARN_DEPRECATED_OBJC_IMPLEMENTATIONS = YES;
				CLANG_WARN_DIRECT_OBJC_ISA_USAGE = YES_ERROR;
				CLANG_WARN_DOCUMENTATION_COMMENTS = YES;
				CLANG_WARN_EMPTY_BODY = YES;
				CLANG_WARN_ENUM_CONVERSION = YES;
				CLANG_WARN_INFINITE_RECURSION = YES;
				CLANG_WARN_INT_CONVERSION = YES;
				CLANG_WARN_NON_LITERAL_NULL_CONVERSION = YES;
				CLANG_WARN_OBJC_IMPLICIT_RETAIN_SELF = YES;
				CLANG_WARN_OBJC_LITERAL_CONVERSION = YES;
				CLANG_WARN_OBJC_ROOT_CLASS = YES_ERROR;
				CLANG_WARN_QUOTED_INCLUDE_IN_FRAMEWORK_HEADER = YES;
				CLANG_WARN_RANGE_LOOP_ANALYSIS = YES;
				CLANG_WARN_STRICT_PROTOTYPES = YES;
				CLANG_WARN_SUSPICIOUS_MOVE = YES;
				CLANG_WARN_UNGUARDED_AVAILABILITY = YES_AGGRESSIVE;
				CLANG_WARN_UNREACHABLE_CODE = YES;
				CLANG_WARN__DUPLICATE_METHOD_MATCH = YES;
				COPY_PHASE_STRIP = NO;
				DEBUG_INFORMATION_FORMAT = "dwarf-with-dsym";
				ENABLE_NS_ASSERTIONS = NO;
				ENABLE_STRICT_OBJC_MSGSEND = YES;
				GCC_C_LANGUAGE_STANDARD = gnu11;
				GCC_NO_COMMON_BLOCKS = YES;
				GCC_WARN_64_TO_32_BIT_CONVERSION = YES;
				GCC_WARN_ABOUT_RETURN_TYPE = YES_ERROR;
				GCC_WARN_UNDECLARED_SELECTOR = YES;
				GCC_WARN_UNINITIALIZED_AUTOS = YES_AGGRESSIVE;
				GCC_WARN_UNUSED_FUNCTION = YES;
				GCC_WARN_UNUSED_VARIABLE = YES;
				IPHONEOS_DEPLOYMENT_TARGET = 15.0;
				MTL_ENABLE_DEBUG_INFO = NO;
				MTL_FAST_MATH = YES;
				SDKROOT = iphoneos;
				SWIFT_COMPILATION_MODE = wholemodule;
				SWIFT_OPTIMIZATION_LEVEL = "-O";
				VALIDATE_PRODUCT = YES;
			};
			name = Release;
		};
		A4B8041E2760E3B300632A0B /* Debug */ = {
			isa = XCBuildConfiguration;
			buildSettings = {
				ASSETCATALOG_COMPILER_APPICON_NAME = AppIcon;
				ASSETCATALOG_COMPILER_GLOBAL_ACCENT_COLOR_NAME = AccentColor;
				CODE_SIGN_STYLE = Automatic;
				CURRENT_PROJECT_VERSION = 1;
				DEVELOPMENT_TEAM = AQ9Q92NR2V;
				GENERATE_INFOPLIST_FILE = YES;
				INFOPLIST_FILE = CardMatchGame/Info.plist;
				INFOPLIST_KEY_UIApplicationSupportsIndirectInputEvents = YES;
				INFOPLIST_KEY_UILaunchStoryboardName = LaunchScreen;
				INFOPLIST_KEY_UIMainStoryboardFile = Main;
				INFOPLIST_KEY_UISupportedInterfaceOrientations = "UIInterfaceOrientationLandscapeLeft UIInterfaceOrientationLandscapeRight";
				INFOPLIST_KEY_UISupportedInterfaceOrientations_iPad = "UIInterfaceOrientationPortrait UIInterfaceOrientationPortraitUpsideDown UIInterfaceOrientationLandscapeLeft UIInterfaceOrientationLandscapeRight";
				INFOPLIST_KEY_UISupportedInterfaceOrientations_iPhone = "UIInterfaceOrientationPortrait UIInterfaceOrientationLandscapeLeft UIInterfaceOrientationLandscapeRight";
				LD_RUNPATH_SEARCH_PATHS = (
					"$(inherited)",
					"@executable_path/Frameworks",
				);
				MARKETING_VERSION = 1.0;
				PRODUCT_BUNDLE_IDENTIFIER = com.CardMatchGame.CardMatchGame;
				PRODUCT_NAME = "$(TARGET_NAME)";
				SWIFT_EMIT_LOC_STRINGS = YES;
				SWIFT_VERSION = 5.0;
				TARGETED_DEVICE_FAMILY = "1,2";
			};
			name = Debug;
		};
		A4B8041F2760E3B300632A0B /* Release */ = {
			isa = XCBuildConfiguration;
			buildSettings = {
				ASSETCATALOG_COMPILER_APPICON_NAME = AppIcon;
				ASSETCATALOG_COMPILER_GLOBAL_ACCENT_COLOR_NAME = AccentColor;
				CODE_SIGN_STYLE = Automatic;
				CURRENT_PROJECT_VERSION = 1;
				DEVELOPMENT_TEAM = AQ9Q92NR2V;
				GENERATE_INFOPLIST_FILE = YES;
				INFOPLIST_FILE = CardMatchGame/Info.plist;
				INFOPLIST_KEY_UIApplicationSupportsIndirectInputEvents = YES;
				INFOPLIST_KEY_UILaunchStoryboardName = LaunchScreen;
				INFOPLIST_KEY_UIMainStoryboardFile = Main;
				INFOPLIST_KEY_UISupportedInterfaceOrientations = "UIInterfaceOrientationLandscapeLeft UIInterfaceOrientationLandscapeRight";
				INFOPLIST_KEY_UISupportedInterfaceOrientations_iPad = "UIInterfaceOrientationPortrait UIInterfaceOrientationPortraitUpsideDown UIInterfaceOrientationLandscapeLeft UIInterfaceOrientationLandscapeRight";
				INFOPLIST_KEY_UISupportedInterfaceOrientations_iPhone = "UIInterfaceOrientationPortrait UIInterfaceOrientationLandscapeLeft UIInterfaceOrientationLandscapeRight";
				LD_RUNPATH_SEARCH_PATHS = (
					"$(inherited)",
					"@executable_path/Frameworks",
				);
				MARKETING_VERSION = 1.0;
				PRODUCT_BUNDLE_IDENTIFIER = com.CardMatchGame.CardMatchGame;
				PRODUCT_NAME = "$(TARGET_NAME)";
				SWIFT_EMIT_LOC_STRINGS = YES;
				SWIFT_VERSION = 5.0;
				TARGETED_DEVICE_FAMILY = "1,2";
			};
			name = Release;
		};
/* End XCBuildConfiguration section */

/* Begin XCConfigurationList section */
		A4B804042760E3B300632A0B /* Build configuration list for PBXProject "CardMatchGame" */ = {
			isa = XCConfigurationList;
			buildConfigurations = (
				A4B8041B2760E3B300632A0B /* Debug */,
				A4B8041C2760E3B300632A0B /* Release */,
			);
			defaultConfigurationIsVisible = 0;
			defaultConfigurationName = Release;
		};
		A4B8041D2760E3B300632A0B /* Build configuration list for PBXNativeTarget "CardMatchGame" */ = {
			isa = XCConfigurationList;
			buildConfigurations = (
				A4B8041E2760E3B300632A0B /* Debug */,
				A4B8041F2760E3B300632A0B /* Release */,
			);
			defaultConfigurationIsVisible = 0;
			defaultConfigurationName = Release;
		};
/* End XCConfigurationList section */
	};
	rootObject = A4B804012760E3B300632A0B /* Project object */;
}
